{
  "nodes": {
    "flake-utils": {
      "locked": {
        "lastModified": 1631561581,
        "narHash": "sha256-3VQMV5zvxaVLvqqUrNz3iJelLw30mIVSfZmAaauM3dA=",
        "owner": "numtide",
        "repo": "flake-utils",
        "rev": "7e5bf3925f6fbdfaf50a2a7ca0be2879c4261d19",
        "type": "github"
      },
      "original": {
        "owner": "numtide",
        "repo": "flake-utils",
        "type": "github"
      }
    },
    "nixpkgs": {
      "locked": {
        "lastModified": 1633976900,
        "narHash": "sha256-tcQeC+WNEOKEyXd4ZBxyJjtLDkh4kxr/FF7nTWUVAEk=",
        "owner": "nixos",
        "repo": "nixpkgs",
        "rev": "79c970a7bbc686467e49f707db803703b4d61ecb",
        "type": "github"
      },
      "original": {
        "owner": "nixos",
        "ref": "release-21.05",
        "repo": "nixpkgs",
        "type": "github"
      }
    },
    "root": {
      "inputs": {
        "flake-utils": "flake-utils",
        "nixpkgs": "nixpkgs",
        "unison": "unison"
      }
    },
    "unison": {
      "flake": false,
      "locked": {
        "lastModified": 1634052383,
        "narHash": "sha256-JTSrHqIS9cAXfNE4vwhP7a++z3bdK3paJZRjcncDNHY=",
        "owner": "unisonweb",
        "repo": "unison",
        "rev": "3996559579bf5a35bf885ecb4f7d5838574b027e",
        "type": "github"
      },
      "original": {
        "owner": "unisonweb",
        "repo": "unison",
        "type": "github"
      }
    }
  },
  "root": "root",
  "version": 7
}
